{
  "version": "5",
  "specifiers": {
    "npm:mime@*": "4.1.0"
  },
  "npm": {
    "mime@4.1.0": {
      "integrity": "sha512-X5ju04+cAzsojXKes0B/S4tcYtFAJ6tTMuSPBEn9CPGlrWr8Fiw7qYeLT0XyH80HSoAoqWCaz+MWKh22P7G1cw==",
      "bin": true
    }
  },
  "workspace": {
    "dependencies": [
      "npm:mime@*"
    ]
  }
}
